
Microsoft Visual Studio Solution File, Format Version 12.00
# Visual Studio Version 17
VisualStudioVersion = 17.0.32126.317
MinimumVisualStudioVersion = 10.0.40219.1
Project("{FAE04EC0-301F-11D3-BF4B-00C04F79EFBC}") = "RouteOptimization", "RouteOptimization\RouteOptimization.csproj", "{472C6B88-B05D-4AE3-92A4-E3BC86625ADF}"
EndProject
Global
	GlobalSection(SolutionConfigurationPlatforms) = preSolution
		Debug|Any CPU = Debug|Any CPU
		Release|Any CPU = Release|Any CPU
	EndGlobalSection
	GlobalSection(ProjectConfigurationPlatforms) = postSolution
		{472C6B88-B05D-4AE3-92A4-E3BC86625ADF}.Debug|Any CPU.ActiveCfg = Debug|Any CPU
		{472C6B88-B05D-4AE3-92A4-E3BC86625ADF}.Debug|Any CPU.Build.0 = Debug|Any CPU
		{472C6B88-B05D-4AE3-92A4-E3BC86625ADF}.Release|Any CPU.ActiveCfg = Release|Any CPU
		{472C6B88-B05D-4AE3-92A4-E3BC86625ADF}.Release|Any CPU.Build.0 = Release|Any CPU
	EndGlobalSection
	GlobalSection(SolutionProperties) = preSolution
		HideSolutionNode = FALSE
	EndGlobalSection
	GlobalSection(ExtensibilityGlobals) = postSolution
		SolutionGuid = {7EE500E1-FBAD-429F-B9DA-18D12A0B2248}
	EndGlobalSection
EndGlobal
